{
    "_readme": [
        "This file locks the dependencies of your project to a known state",
        "Read more about it at https://getcomposer.org/doc/01-basic-usage.md#installing-dependencies",
        "This file is @generated automatically"
    ],
    "content-hash": "7da8c81afb1288d339ed6f8f9d095651",
    "packages": [
        {
            "name": "wpfactory/wpfactory-admin-menu",
            "version": "v1.0.3",
            "source": {
                "type": "git",
                "url": "https://github.com/wpcodefactory/wpfactory-admin-menu.git",
                "reference": "fe48c4100a6b436a3dd39308814887119063c140"
            },
            "dist": {
                "type": "zip",
                "url": "https://api.github.com/repos/wpcodefactory/wpfactory-admin-menu/zipball/fe48c4100a6b436a3dd39308814887119063c140",
                "reference": "fe48c4100a6b436a3dd39308814887119063c140",
                "shasum": ""
            },
            "require-dev": {
                "wp-cli/wp-cli-bundle": "*"
            },
            "type": "library",
            "autoload": {
                "classmap": [
                    "src/php/"
                ]
            },
            "scripts": {
                "wp": [
                    "vendor/bin/wp"
                ],
                "wp-create-pot": [
                    "wp i18n make-pot src/php ./langs/wpfactory-admin-menu.pot --domain=wpfactory-admin-menu"
                ],
                "wp-update-po": [
                    "wp i18n update-po ./langs/wpfactory-admin-menu.pot"
                ],
                "wp-make-mo": [
                    "wp i18n make-mo ./langs/"
                ],
                "translate": [
                    "@composer run wp-create-pot",
                    "@composer run wp-update-po",
                    "@composer run wp-make-mo"
                ]
            },
            "support": {
                "source": "https://github.com/wpcodefactory/wpfactory-admin-menu/tree/v1.0.3",
                "issues": "https://github.com/wpcodefactory/wpfactory-admin-menu/issues"
            },
            "time": "2024-10-14T14:01:02+00:00"
        }
    ],
    "packages-dev": [],
    "aliases": [],
    "minimum-stability": "stable",
    "stability-flags": [],
    "prefer-stable": false,
    "prefer-lowest": false,
    "platform": [],
    "platform-dev": [],
    "plugin-api-version": "2.3.0"
}
